
Microsoft Visual Studio Solution File, Format Version 12.00
# Visual Studio Version 16
VisualStudioVersion = 16.0.31729.503
MinimumVisualStudioVersion = 10.0.40219.1
Project("{FAE04EC0-301F-11D3-BF4B-00C04F79EFBC}") = "day8", "day8\day8.csproj", "{4050B770-4D65-4675-81CC-0C3088A2C19F}"
EndProject
Global
	GlobalSection(SolutionConfigurationPlatforms) = preSolution
		Debug|Any CPU = Debug|Any CPU
		Release|Any CPU = Release|Any CPU
	EndGlobalSection
	GlobalSection(ProjectConfigurationPlatforms) = postSolution
		{4050B770-4D65-4675-81CC-0C3088A2C19F}.Debug|Any CPU.ActiveCfg = Debug|Any CPU
		{4050B770-4D65-4675-81CC-0C3088A2C19F}.Debug|Any CPU.Build.0 = Debug|Any CPU
		{4050B770-4D65-4675-81CC-0C3088A2C19F}.Release|Any CPU.ActiveCfg = Release|Any CPU
		{4050B770-4D65-4675-81CC-0C3088A2C19F}.Release|Any CPU.Build.0 = Release|Any CPU
	EndGlobalSection
	GlobalSection(SolutionProperties) = preSolution
		HideSolutionNode = FALSE
	EndGlobalSection
	GlobalSection(ExtensibilityGlobals) = postSolution
		SolutionGuid = {F4F40962-2F54-43F8-A3EF-1D463FC0C0A6}
	EndGlobalSection
EndGlobal
